// !$*UTF8*$!
{
	archiveVersion = 1;
	classes = {
	};
	objectVersion = 46;
	objects = {

/* Begin PBXBuildFile section */
		26381AF619CB2AA7005884FF /* main.m in Sources */ = {isa = PBXBuildFile; fileRef = 26381AF519CB2AA7005884FF /* main.m */; };
		26381AF919CB2AA7005884FF /* AppDelegate.m in Sources */ = {isa = PBXBuildFile; fileRef = 26381AF819CB2AA7005884FF /* AppDelegate.m */; };
		26381AFC19CB2AA7005884FF /* ViewController.m in Sources */ = {isa = PBXBuildFile; fileRef = 26381AFB19CB2AA7005884FF /* ViewController.m */; };
		26381AFF19CB2AA7005884FF /* Main.storyboard in Resources */ = {isa = PBXBuildFile; fileRef = 26381AFD19CB2AA7005884FF /* Main.storyboard */; };
		26381B0119CB2AA7005884FF /* Images.xcassets in Resources */ = {isa = PBXBuildFile; fileRef = 26381B0019CB2AA7005884FF /* Images.xcassets */; };
		26381B0419CB2AA7005884FF /* LaunchScreen.xib in Resources */ = {isa = PBXBuildFile; fileRef = 26381B0219CB2AA7005884FF /* LaunchScreen.xib */; };
		26E20C3819D3524A00E91E90 /* NumberpadTest.m in Sources */ = {isa = PBXBuildFile; fileRef = 26E20C3719D3524A00E91E90 /* NumberpadTest.m */; };
		26E20C3A19D356C900E91E90 /* ViewControllerTest.m in Sources */ = {isa = PBXBuildFile; fileRef = 26E20C3919D356C900E91E90 /* ViewControllerTest.m */; };
		360E424C9BB62391162F072D /* TestHelper.m in Sources */ = {isa = PBXBuildFile; fileRef = 360E44401B66F78578F8C0E8 /* TestHelper.m */; };
		4589097A1ACD069896B70613 /* libPods-ConverterTests.a in Frameworks */ = {isa = PBXBuildFile; fileRef = CF26E4C8ECD24EC98ED0341C /* libPods-ConverterTests.a */; };
/* End PBXBuildFile section */

/* Begin PBXContainerItemProxy section */
		26381B0A19CB2AA7005884FF /* PBXContainerItemProxy */ = {
			isa = PBXContainerItemProxy;
			containerPortal = 26381AE819CB2AA7005884FF /* Project object */;
			proxyType = 1;
			remoteGlobalIDString = 26381AEF19CB2AA7005884FF;
			remoteInfo = Converter;
		};
/* End PBXContainerItemProxy section */

/* Begin PBXFileReference section */
		26381AF019CB2AA7005884FF /* Converter.app */ = {isa = PBXFileReference; explicitFileType = wrapper.application; includeInIndex = 0; path = Converter.app; sourceTree = BUILT_PRODUCTS_DIR; };
		26381AF419CB2AA7005884FF /* Info.plist */ = {isa = PBXFileReference; lastKnownFileType = text.plist.xml; path = Info.plist; sourceTree = "<group>"; };
		26381AF519CB2AA7005884FF /* main.m */ = {isa = PBXFileReference; lastKnownFileType = sourcecode.c.objc; path = main.m; sourceTree = "<group>"; };
		26381AF719CB2AA7005884FF /* AppDelegate.h */ = {isa = PBXFileReference; lastKnownFileType = sourcecode.c.h; path = AppDelegate.h; sourceTree = "<group>"; };
		26381AF819CB2AA7005884FF /* AppDelegate.m */ = {isa = PBXFileReference; lastKnownFileType = sourcecode.c.objc; path = AppDelegate.m; sourceTree = "<group>"; };
		26381AFA19CB2AA7005884FF /* ViewController.h */ = {isa = PBXFileReference; lastKnownFileType = sourcecode.c.h; path = ViewController.h; sourceTree = "<group>"; };
		26381AFB19CB2AA7005884FF /* ViewController.m */ = {isa = PBXFileReference; lastKnownFileType = sourcecode.c.objc; path = ViewController.m; sourceTree = "<group>"; };
		26381AFE19CB2AA7005884FF /* Base */ = {isa = PBXFileReference; lastKnownFileType = file.storyboard; name = Base; path = Base.lproj/Main.storyboard; sourceTree = "<group>"; };
		26381B0019CB2AA7005884FF /* Images.xcassets */ = {isa = PBXFileReference; lastKnownFileType = folder.assetcatalog; path = Images.xcassets; sourceTree = "<group>"; };
		26381B0319CB2AA7005884FF /* Base */ = {isa = PBXFileReference; lastKnownFileType = file.xib; name = Base; path = Base.lproj/LaunchScreen.xib; sourceTree = "<group>"; };
		26381B0919CB2AA7005884FF /* ConverterTests.xctest */ = {isa = PBXFileReference; explicitFileType = wrapper.cfbundle; includeInIndex = 0; path = ConverterTests.xctest; sourceTree = BUILT_PRODUCTS_DIR; };
		26381B0E19CB2AA7005884FF /* Info.plist */ = {isa = PBXFileReference; lastKnownFileType = text.plist.xml; path = Info.plist; sourceTree = "<group>"; };
		26E20C3719D3524A00E91E90 /* NumberpadTest.m */ = {isa = PBXFileReference; fileEncoding = 4; lastKnownFileType = sourcecode.c.objc; path = NumberpadTest.m; sourceTree = "<group>"; };
		26E20C3919D356C900E91E90 /* ViewControllerTest.m */ = {isa = PBXFileReference; fileEncoding = 4; lastKnownFileType = sourcecode.c.objc; path = ViewControllerTest.m; sourceTree = "<group>"; };
		276106AF19E5D9E100708A18 /* Makefile */ = {isa = PBXFileReference; lastKnownFileType = sourcecode.make; path = Makefile; sourceTree = "<group>"; };
		276106B219E5DF2400708A18 /* index.html */ = {isa = PBXFileReference; lastKnownFileType = text.html; path = index.html; sourceTree = "<group>"; };
		360E44401B66F78578F8C0E8 /* TestHelper.m */ = {isa = PBXFileReference; fileEncoding = 4; lastKnownFileType = sourcecode.c.objc; path = TestHelper.m; sourceTree = "<group>"; };
		360E4609E99E7EA9B4074EDD /* Podfile */ = {isa = PBXFileReference; fileEncoding = 4; lastKnownFileType = text; path = Podfile; sourceTree = "<group>"; };
		360E4B0E8FD8EBDDCF7F1080 /* TestHelper.h */ = {isa = PBXFileReference; fileEncoding = 4; lastKnownFileType = sourcecode.c.h; path = TestHelper.h; sourceTree = "<group>"; };
		940D1B5136C17D6CCD22CB80 /* Pods-ConverterTests.release.xcconfig */ = {isa = PBXFileReference; includeInIndex = 1; lastKnownFileType = text.xcconfig; name = "Pods-ConverterTests.release.xcconfig"; path = "Pods/Target Support Files/Pods-ConverterTests/Pods-ConverterTests.release.xcconfig"; sourceTree = "<group>"; };
		C7F28C2FA8D94B64CF496339 /* Pods-ConverterTests.debug.xcconfig */ = {isa = PBXFileReference; includeInIndex = 1; lastKnownFileType = text.xcconfig; name = "Pods-ConverterTests.debug.xcconfig"; path = "Pods/Target Support Files/Pods-ConverterTests/Pods-ConverterTests.debug.xcconfig"; sourceTree = "<group>"; };
		CF26E4C8ECD24EC98ED0341C /* libPods-ConverterTests.a */ = {isa = PBXFileReference; explicitFileType = archive.ar; includeInIndex = 0; path = "libPods-ConverterTests.a"; sourceTree = BUILT_PRODUCTS_DIR; };
/* End PBXFileReference section */

/* Begin PBXFrameworksBuildPhase section */
		26381AED19CB2AA7005884FF /* Frameworks */ = {
			isa = PBXFrameworksBuildPhase;
			buildActionMask = 2147483647;
			files = (
			);
			runOnlyForDeploymentPostprocessing = 0;
		};
		26381B0619CB2AA7005884FF /* Frameworks */ = {
			isa = PBXFrameworksBuildPhase;
			buildActionMask = 2147483647;
			files = (
				4589097A1ACD069896B70613 /* libPods-ConverterTests.a in Frameworks */,
			);
			runOnlyForDeploymentPostprocessing = 0;
		};
/* End PBXFrameworksBuildPhase section */

/* Begin PBXGroup section */
		26381AE719CB2AA7005884FF = {
			isa = PBXGroup;
			children = (
				26381AF219CB2AA7005884FF /* Converter */,
				26381B0C19CB2AA7005884FF /* ConverterTests */,
				26381AF119CB2AA7005884FF /* Products */,
				360E4609E99E7EA9B4074EDD /* Podfile */,
				276106B119E5DE9D00708A18 /* Addional Files */,
				C65BEBB2CB2F1BCC593B4236 /* Pods */,
				8B4DCDDA96739BCC17DB9915 /* Frameworks */,
			);
			sourceTree = "<group>";
		};
		26381AF119CB2AA7005884FF /* Products */ = {
			isa = PBXGroup;
			children = (
				26381AF019CB2AA7005884FF /* Converter.app */,
				26381B0919CB2AA7005884FF /* ConverterTests.xctest */,
			);
			name = Products;
			sourceTree = "<group>";
		};
		26381AF219CB2AA7005884FF /* Converter */ = {
			isa = PBXGroup;
			children = (
				26381AF719CB2AA7005884FF /* AppDelegate.h */,
				26381AF819CB2AA7005884FF /* AppDelegate.m */,
				26381AFA19CB2AA7005884FF /* ViewController.h */,
				26381AFB19CB2AA7005884FF /* ViewController.m */,
				26381AFD19CB2AA7005884FF /* Main.storyboard */,
				26381B0019CB2AA7005884FF /* Images.xcassets */,
				26381B0219CB2AA7005884FF /* LaunchScreen.xib */,
				26381AF319CB2AA7005884FF /* Supporting Files */,
			);
			path = Converter;
			sourceTree = "<group>";
		};
		26381AF319CB2AA7005884FF /* Supporting Files */ = {
			isa = PBXGroup;
			children = (
				26381AF419CB2AA7005884FF /* Info.plist */,
				26381AF519CB2AA7005884FF /* main.m */,
			);
			name = "Supporting Files";
			sourceTree = "<group>";
		};
		26381B0C19CB2AA7005884FF /* ConverterTests */ = {
			isa = PBXGroup;
			children = (
				26381B0D19CB2AA7005884FF /* Supporting Files */,
				26E20C3719D3524A00E91E90 /* NumberpadTest.m */,
				26E20C3919D356C900E91E90 /* ViewControllerTest.m */,
				360E44401B66F78578F8C0E8 /* TestHelper.m */,
				360E4B0E8FD8EBDDCF7F1080 /* TestHelper.h */,
			);
			path = ConverterTests;
			sourceTree = "<group>";
		};
		26381B0D19CB2AA7005884FF /* Supporting Files */ = {
			isa = PBXGroup;
			children = (
				26381B0E19CB2AA7005884FF /* Info.plist */,
			);
			name = "Supporting Files";
			sourceTree = "<group>";
		};
		276106B119E5DE9D00708A18 /* Addional Files */ = {
			isa = PBXGroup;
			children = (
				276106AF19E5D9E100708A18 /* Makefile */,
				276106B219E5DF2400708A18 /* index.html */,
			);
			name = "Addional Files";
			sourceTree = "<group>";
		};
		8B4DCDDA96739BCC17DB9915 /* Frameworks */ = {
			isa = PBXGroup;
			children = (
				CF26E4C8ECD24EC98ED0341C /* libPods-ConverterTests.a */,
			);
			name = Frameworks;
			sourceTree = "<group>";
		};
		C65BEBB2CB2F1BCC593B4236 /* Pods */ = {
			isa = PBXGroup;
			children = (
				C7F28C2FA8D94B64CF496339 /* Pods-ConverterTests.debug.xcconfig */,
				940D1B5136C17D6CCD22CB80 /* Pods-ConverterTests.release.xcconfig */,
			);
			name = Pods;
			sourceTree = "<group>";
		};
/* End PBXGroup section */

/* Begin PBXNativeTarget section */
		26381AEF19CB2AA7005884FF /* Converter */ = {
			isa = PBXNativeTarget;
			buildConfigurationList = 26381B1319CB2AA7005884FF /* Build configuration list for PBXNativeTarget "Converter" */;
			buildPhases = (
				26381AEC19CB2AA7005884FF /* Sources */,
				26381AED19CB2AA7005884FF /* Frameworks */,
				26381AEE19CB2AA7005884FF /* Resources */,
			);
			buildRules = (
			);
			dependencies = (
			);
			name = Converter;
			productName = Converter;
			productReference = 26381AF019CB2AA7005884FF /* Converter.app */;
			productType = "com.apple.product-type.application";
		};
		26381B0819CB2AA7005884FF /* ConverterTests */ = {
			isa = PBXNativeTarget;
			buildConfigurationList = 26381B1619CB2AA7005884FF /* Build configuration list for PBXNativeTarget "ConverterTests" */;
			buildPhases = (
				50E3944784765366D7E76F47 /* Check Pods Manifest.lock */,
				26381B0519CB2AA7005884FF /* Sources */,
				26381B0619CB2AA7005884FF /* Frameworks */,
				26381B0719CB2AA7005884FF /* Resources */,
				667CCD6136D7B565CB3160A2 /* Copy Pods Resources */,
			);
			buildRules = (
			);
			dependencies = (
				26381B0B19CB2AA7005884FF /* PBXTargetDependency */,
			);
			name = ConverterTests;
			productName = ConverterTests;
			productReference = 26381B0919CB2AA7005884FF /* ConverterTests.xctest */;
			productType = "com.apple.product-type.bundle.unit-test";
		};
/* End PBXNativeTarget section */

/* Begin PBXProject section */
		26381AE819CB2AA7005884FF /* Project object */ = {
			isa = PBXProject;
			attributes = {
				LastUpgradeCheck = 0600;
				ORGANIZATIONNAME = "it-agile GmbH";
				TargetAttributes = {
					26381AEF19CB2AA7005884FF = {
						CreatedOnToolsVersion = 6.0.1;
						DevelopmentTeam = UDWCB532ZV;
					};
					26381B0819CB2AA7005884FF = {
						CreatedOnToolsVersion = 6.0.1;
						TestTargetID = 26381AEF19CB2AA7005884FF;
					};
				};
			};
			buildConfigurationList = 26381AEB19CB2AA7005884FF /* Build configuration list for PBXProject "Converter" */;
			compatibilityVersion = "Xcode 3.2";
			developmentRegion = English;
			hasScannedForEncodings = 0;
			knownRegions = (
				en,
				Base,
			);
			mainGroup = 26381AE719CB2AA7005884FF;
			productRefGroup = 26381AF119CB2AA7005884FF /* Products */;
			projectDirPath = "";
			projectRoot = "";
			targets = (
				26381AEF19CB2AA7005884FF /* Converter */,
				26381B0819CB2AA7005884FF /* ConverterTests */,
			);
		};
/* End PBXProject section */

/* Begin PBXResourcesBuildPhase section */
		26381AEE19CB2AA7005884FF /* Resources */ = {
			isa = PBXResourcesBuildPhase;
			buildActionMask = 2147483647;
			files = (
				26381AFF19CB2AA7005884FF /* Main.storyboard in Resources */,
				26381B0419CB2AA7005884FF /* LaunchScreen.xib in Resources */,
				26381B0119CB2AA7005884FF /* Images.xcassets in Resources */,
			);
			runOnlyForDeploymentPostprocessing = 0;
		};
		26381B0719CB2AA7005884FF /* Resources */ = {
			isa = PBXResourcesBuildPhase;
			buildActionMask = 2147483647;
			files = (
			);
			runOnlyForDeploymentPostprocessing = 0;
		};
/* End PBXResourcesBuildPhase section */

/* Begin PBXShellScriptBuildPhase section */
		50E3944784765366D7E76F47 /* Check Pods Manifest.lock */ = {
			isa = PBXShellScriptBuildPhase;
			buildActionMask = 2147483647;
			files = (
			);
			inputPaths = (
			);
			name = "Check Pods Manifest.lock";
			outputPaths = (
			);
			runOnlyForDeploymentPostprocessing = 0;
			shellPath = /bin/sh;
			shellScript = "diff \"${PODS_ROOT}/../Podfile.lock\" \"${PODS_ROOT}/Manifest.lock\" > /dev/null\nif [[ $? != 0 ]] ; then\n    cat << EOM\nerror: The sandbox is not in sync with the Podfile.lock. Run 'pod install' or update your CocoaPods installation.\nEOM\n    exit 1\nfi\n";
			showEnvVarsInLog = 0;
		};
		667CCD6136D7B565CB3160A2 /* Copy Pods Resources */ = {
			isa = PBXShellScriptBuildPhase;
			buildActionMask = 2147483647;
			files = (
			);
			inputPaths = (
			);
			name = "Copy Pods Resources";
			outputPaths = (
			);
			runOnlyForDeploymentPostprocessing = 0;
			shellPath = /bin/sh;
			shellScript = "\"${SRCROOT}/Pods/Target Support Files/Pods-ConverterTests/Pods-ConverterTests-resources.sh\"\n";
			showEnvVarsInLog = 0;
		};
/* End PBXShellScriptBuildPhase section */

/* Begin PBXSourcesBuildPhase section */
		26381AEC19CB2AA7005884FF /* Sources */ = {
			isa = PBXSourcesBuildPhase;
			buildActionMask = 2147483647;
			files = (
				26381AFC19CB2AA7005884FF /* ViewController.m in Sources */,
				26381AF919CB2AA7005884FF /* AppDelegate.m in Sources */,
				26381AF619CB2AA7005884FF /* main.m in Sources */,
			);
			runOnlyForDeploymentPostprocessing = 0;
		};
		26381B0519CB2AA7005884FF /* Sources */ = {
			isa = PBXSourcesBuildPhase;
			buildActionMask = 2147483647;
			files = (
				26E20C3A19D356C900E91E90 /* ViewControllerTest.m in Sources */,
				26E20C3819D3524A00E91E90 /* NumberpadTest.m in Sources */,
				360E424C9BB62391162F072D /* TestHelper.m in Sources */,
			);
			runOnlyForDeploymentPostprocessing = 0;
		};
/* End PBXSourcesBuildPhase section */

/* Begin PBXTargetDependency section */
		26381B0B19CB2AA7005884FF /* PBXTargetDependency */ = {
			isa = PBXTargetDependency;
			target = 26381AEF19CB2AA7005884FF /* Converter */;
			targetProxy = 26381B0A19CB2AA7005884FF /* PBXContainerItemProxy */;
		};
/* End PBXTargetDependency section */

/* Begin PBXVariantGroup section */
		26381AFD19CB2AA7005884FF /* Main.storyboard */ = {
			isa = PBXVariantGroup;
			children = (
				26381AFE19CB2AA7005884FF /* Base */,
			);
			name = Main.storyboard;
			sourceTree = "<group>";
		};
		26381B0219CB2AA7005884FF /* LaunchScreen.xib */ = {
			isa = PBXVariantGroup;
			children = (
				26381B0319CB2AA7005884FF /* Base */,
			);
			name = LaunchScreen.xib;
			sourceTree = "<group>";
		};
/* End PBXVariantGroup section */

/* Begin XCBuildConfiguration section */
		26381B1119CB2AA7005884FF /* Debug */ = {
			isa = XCBuildConfiguration;
			buildSettings = {
				ALWAYS_SEARCH_USER_PATHS = NO;
				CLANG_CXX_LANGUAGE_STANDARD = "gnu++0x";
				CLANG_CXX_LIBRARY = "libc++";
				CLANG_ENABLE_MODULES = YES;
				CLANG_ENABLE_OBJC_ARC = YES;
				CLANG_WARN_BOOL_CONVERSION = YES;
				CLANG_WARN_CONSTANT_CONVERSION = YES;
				CLANG_WARN_DIRECT_OBJC_ISA_USAGE = YES_ERROR;
				CLANG_WARN_EMPTY_BODY = YES;
				CLANG_WARN_ENUM_CONVERSION = YES;
				CLANG_WARN_INT_CONVERSION = YES;
				CLANG_WARN_OBJC_ROOT_CLASS = YES_ERROR;
				CLANG_WARN_UNREACHABLE_CODE = YES;
				CLANG_WARN__DUPLICATE_METHOD_MATCH = YES;
				"CODE_SIGN_IDENTITY[sdk=iphoneos*]" = "iPhone Developer";
				COPY_PHASE_STRIP = NO;
				ENABLE_STRICT_OBJC_MSGSEND = YES;
				GCC_C_LANGUAGE_STANDARD = gnu99;
				GCC_DYNAMIC_NO_PIC = NO;
				GCC_OPTIMIZATION_LEVEL = 0;
				GCC_PREPROCESSOR_DEFINITIONS = (
					"DEBUG=1",
					"$(inherited)",
				);
				GCC_SYMBOLS_PRIVATE_EXTERN = NO;
				GCC_WARN_64_TO_32_BIT_CONVERSION = YES;
				GCC_WARN_ABOUT_RETURN_TYPE = YES_ERROR;
				GCC_WARN_UNDECLARED_SELECTOR = YES;
				GCC_WARN_UNINITIALIZED_AUTOS = YES_AGGRESSIVE;
				GCC_WARN_UNUSED_FUNCTION = YES;
				GCC_WARN_UNUSED_VARIABLE = YES;
				IPHONEOS_DEPLOYMENT_TARGET = 8.0;
				MTL_ENABLE_DEBUG_INFO = YES;
				ONLY_ACTIVE_ARCH = YES;
				SDKROOT = iphoneos;
			};
			name = Debug;
		};
		26381B1219CB2AA7005884FF /* Release */ = {
			isa = XCBuildConfiguration;
			buildSettings = {
				ALWAYS_SEARCH_USER_PATHS = NO;
				CLANG_CXX_LANGUAGE_STANDARD = "gnu++0x";
				CLANG_CXX_LIBRARY = "libc++";
				CLANG_ENABLE_MODULES = YES;
				CLANG_ENABLE_OBJC_ARC = YES;
				CLANG_WARN_BOOL_CONVERSION = YES;
				CLANG_WARN_CONSTANT_CONVERSION = YES;
				CLANG_WARN_DIRECT_OBJC_ISA_USAGE = YES_ERROR;
				CLANG_WARN_EMPTY_BODY = YES;
				CLANG_WARN_ENUM_CONVERSION = YES;
				CLANG_WARN_INT_CONVERSION = YES;
				CLANG_WARN_OBJC_ROOT_CLASS = YES_ERROR;
				CLANG_WARN_UNREACHABLE_CODE = YES;
				CLANG_WARN__DUPLICATE_METHOD_MATCH = YES;
				"CODE_SIGN_IDENTITY[sdk=iphoneos*]" = "iPhone Developer";
				COPY_PHASE_STRIP = YES;
				ENABLE_NS_ASSERTIONS = NO;
				ENABLE_STRICT_OBJC_MSGSEND = YES;
				GCC_C_LANGUAGE_STANDARD = gnu99;
				GCC_WARN_64_TO_32_BIT_CONVERSION = YES;
				GCC_WARN_ABOUT_RETURN_TYPE = YES_ERROR;
				GCC_WARN_UNDECLARED_SELECTOR = YES;
				GCC_WARN_UNINITIALIZED_AUTOS = YES_AGGRESSIVE;
				GCC_WARN_UNUSED_FUNCTION = YES;
				GCC_WARN_UNUSED_VARIABLE = YES;
				IPHONEOS_DEPLOYMENT_TARGET = 8.0;
				MTL_ENABLE_DEBUG_INFO = NO;
				SDKROOT = iphoneos;
				VALIDATE_PRODUCT = YES;
			};
			name = Release;
		};
		26381B1419CB2AA7005884FF /* Debug */ = {
			isa = XCBuildConfiguration;
			buildSettings = {
				ASSETCATALOG_COMPILER_APPICON_NAME = AppIcon;
				INFOPLIST_FILE = Converter/Info.plist;
				LD_RUNPATH_SEARCH_PATHS = "$(inherited) @executable_path/Frameworks";
				PRODUCT_NAME = "$(TARGET_NAME)";
			};
			name = Debug;
		};
		26381B1519CB2AA7005884FF /* Release */ = {
			isa = XCBuildConfiguration;
			buildSettings = {
				ASSETCATALOG_COMPILER_APPICON_NAME = AppIcon;
				INFOPLIST_FILE = Converter/Info.plist;
				LD_RUNPATH_SEARCH_PATHS = "$(inherited) @executable_path/Frameworks";
				PRODUCT_NAME = "$(TARGET_NAME)";
			};
			name = Release;
		};
		26381B1719CB2AA7005884FF /* Debug */ = {
			isa = XCBuildConfiguration;
			baseConfigurationReference = C7F28C2FA8D94B64CF496339 /* Pods-ConverterTests.debug.xcconfig */;
			buildSettings = {
				BUNDLE_LOADER = "$(TEST_HOST)";
				FRAMEWORK_SEARCH_PATHS = (
					"$(SDKROOT)/Developer/Library/Frameworks",
					"$(inherited)",
				);
				GCC_PREPROCESSOR_DEFINITIONS = (
					"DEBUG=1",
					"$(inherited)",
				);
				INFOPLIST_FILE = ConverterTests/Info.plist;
				LD_RUNPATH_SEARCH_PATHS = "$(inherited) @executable_path/Frameworks @loader_path/Frameworks";
				PRODUCT_NAME = "$(TARGET_NAME)";
				TEST_HOST = "$(BUILT_PRODUCTS_DIR)/Converter.app/Converter";
			};
			name = Debug;
		};
		26381B1819CB2AA7005884FF /* Release */ = {
			isa = XCBuildConfiguration;
			baseConfigurationReference = 940D1B5136C17D6CCD22CB80 /* Pods-ConverterTests.release.xcconfig */;
			buildSettings = {
				BUNDLE_LOADER = "$(TEST_HOST)";
				FRAMEWORK_SEARCH_PATHS = (
					"$(SDKROOT)/Developer/Library/Frameworks",
					"$(inherited)",
				);
				INFOPLIST_FILE = ConverterTests/Info.plist;
				LD_RUNPATH_SEARCH_PATHS = "$(inherited) @executable_path/Frameworks @loader_path/Frameworks";
				PRODUCT_NAME = "$(TARGET_NAME)";
				TEST_HOST = "$(BUILT_PRODUCTS_DIR)/Converter.app/Converter";
			};
			name = Release;
		};
/* End XCBuildConfiguration section */

/* Begin XCConfigurationList section */
		26381AEB19CB2AA7005884FF /* Build configuration list for PBXProject "Converter" */ = {
			isa = XCConfigurationList;
			buildConfigurations = (
				26381B1119CB2AA7005884FF /* Debug */,
				26381B1219CB2AA7005884FF /* Release */,
			);
			defaultConfigurationIsVisible = 0;
			defaultConfigurationName = Release;
		};
		26381B1319CB2AA7005884FF /* Build configuration list for PBXNativeTarget "Converter" */ = {
			isa = XCConfigurationList;
			buildConfigurations = (
				26381B1419CB2AA7005884FF /* Debug */,
				26381B1519CB2AA7005884FF /* Release */,
			);
			defaultConfigurationIsVisible = 0;
			defaultConfigurationName = Release;
		};
		26381B1619CB2AA7005884FF /* Build configuration list for PBXNativeTarget "ConverterTests" */ = {
			isa = XCConfigurationList;
			buildConfigurations = (
				26381B1719CB2AA7005884FF /* Debug */,
				26381B1819CB2AA7005884FF /* Release */,
			);
			defaultConfigurationIsVisible = 0;
			defaultConfigurationName = Release;
		};
/* End XCConfigurationList section */
	};
	rootObject = 26381AE819CB2AA7005884FF /* Project object */;
}
